
Microsoft Visual Studio Solution File, Format Version 12.00
# Visual Studio Version 16
VisualStudioVersion = 16.0.29709.97
MinimumVisualStudioVersion = 10.0.40219.1
Project("{FAE04EC0-301F-11D3-BF4B-00C04F79EFBC}") = "CGLAPI", "CGLAPI.csproj", "{AEE4030C-5B60-4DE1-94F1-9BFE3BB7CA20}"
EndProject
Global
	GlobalSection(SolutionConfigurationPlatforms) = preSolution
		Debug|Any CPU = Debug|Any CPU
		Release|Any CPU = Release|Any CPU
	EndGlobalSection
	GlobalSection(ProjectConfigurationPlatforms) = postSolution
		{AEE4030C-5B60-4DE1-94F1-9BFE3BB7CA20}.Debug|Any CPU.ActiveCfg = Debug|Any CPU
		{AEE4030C-5B60-4DE1-94F1-9BFE3BB7CA20}.Debug|Any CPU.Build.0 = Debug|Any CPU
		{AEE4030C-5B60-4DE1-94F1-9BFE3BB7CA20}.Release|Any CPU.ActiveCfg = Release|Any CPU
		{AEE4030C-5B60-4DE1-94F1-9BFE3BB7CA20}.Release|Any CPU.Build.0 = Release|Any CPU
	EndGlobalSection
	GlobalSection(SolutionProperties) = preSolution
		HideSolutionNode = FALSE
	EndGlobalSection
	GlobalSection(ExtensibilityGlobals) = postSolution
		SolutionGuid = {4292C600-A283-4A32-8065-BFDBBA255F7A}
	EndGlobalSection
EndGlobal
